// !$*UTF8*$!
{
	archiveVersion = 1;
	classes = {
	};
	objectVersion = 46;
	objects = {

/* Begin PBXBuildFile section */
		72B3AB8B1A4350DE00AA0A86 /* AppDelegate.swift in Sources */ = {isa = PBXBuildFile; fileRef = 72B3AB8A1A4350DE00AA0A86 /* AppDelegate.swift */; };
		72B3AB8D1A4350DE00AA0A86 /* RecordSoundsViewController.swift in Sources */ = {isa = PBXBuildFile; fileRef = 72B3AB8C1A4350DE00AA0A86 /* RecordSoundsViewController.swift */; };
		72B3AB901A4350DE00AA0A86 /* Main.storyboard in Resources */ = {isa = PBXBuildFile; fileRef = 72B3AB8E1A4350DE00AA0A86 /* Main.storyboard */; };
		72B3AB921A4350DE00AA0A86 /* Images.xcassets in Resources */ = {isa = PBXBuildFile; fileRef = 72B3AB911A4350DE00AA0A86 /* Images.xcassets */; };
		72B3AB951A4350DE00AA0A86 /* LaunchScreen.xib in Resources */ = {isa = PBXBuildFile; fileRef = 72B3AB931A4350DE00AA0A86 /* LaunchScreen.xib */; };
		72B3ABA11A4350DE00AA0A86 /* Pitch_PerfectTests.swift in Sources */ = {isa = PBXBuildFile; fileRef = 72B3ABA01A4350DE00AA0A86 /* Pitch_PerfectTests.swift */; };
		72B3ABB11A43583C00AA0A86 /* PlaySoundsViewController.swift in Sources */ = {isa = PBXBuildFile; fileRef = 72B3ABB01A43583C00AA0A86 /* PlaySoundsViewController.swift */; };
		72B3ABB31A43586B00AA0A86 /* RecorderAudio.swift in Sources */ = {isa = PBXBuildFile; fileRef = 72B3ABB21A43586B00AA0A86 /* RecorderAudio.swift */; };
/* End PBXBuildFile section */

/* Begin PBXContainerItemProxy section */
		72B3AB9B1A4350DE00AA0A86 /* PBXContainerItemProxy */ = {
			isa = PBXContainerItemProxy;
			containerPortal = 72B3AB7D1A4350DE00AA0A86 /* Project object */;
			proxyType = 1;
			remoteGlobalIDString = 72B3AB841A4350DE00AA0A86;
			remoteInfo = "Pitch Perfect";
		};
/* End PBXContainerItemProxy section */

/* Begin PBXFileReference section */
		72B3AB851A4350DE00AA0A86 /* Pitch Perfect.app */ = {isa = PBXFileReference; explicitFileType = wrapper.application; includeInIndex = 0; path = "Pitch Perfect.app"; sourceTree = BUILT_PRODUCTS_DIR; };
		72B3AB891A4350DE00AA0A86 /* Info.plist */ = {isa = PBXFileReference; lastKnownFileType = text.plist.xml; path = Info.plist; sourceTree = "<group>"; };
		72B3AB8A1A4350DE00AA0A86 /* AppDelegate.swift */ = {isa = PBXFileReference; lastKnownFileType = sourcecode.swift; path = AppDelegate.swift; sourceTree = "<group>"; };
		72B3AB8C1A4350DE00AA0A86 /* RecordSoundsViewController.swift */ = {isa = PBXFileReference; lastKnownFileType = sourcecode.swift; path = RecordSoundsViewController.swift; sourceTree = "<group>"; };
		72B3AB8F1A4350DE00AA0A86 /* Base */ = {isa = PBXFileReference; lastKnownFileType = file.storyboard; name = Base; path = Base.lproj/Main.storyboard; sourceTree = "<group>"; };
		72B3AB911A4350DE00AA0A86 /* Images.xcassets */ = {isa = PBXFileReference; lastKnownFileType = folder.assetcatalog; path = Images.xcassets; sourceTree = "<group>"; };
		72B3AB941A4350DE00AA0A86 /* Base */ = {isa = PBXFileReference; lastKnownFileType = file.xib; name = Base; path = Base.lproj/LaunchScreen.xib; sourceTree = "<group>"; };
		72B3AB9A1A4350DE00AA0A86 /* Pitch PerfectTests.xctest */ = {isa = PBXFileReference; explicitFileType = wrapper.cfbundle; includeInIndex = 0; path = "Pitch PerfectTests.xctest"; sourceTree = BUILT_PRODUCTS_DIR; };
		72B3AB9F1A4350DE00AA0A86 /* Info.plist */ = {isa = PBXFileReference; lastKnownFileType = text.plist.xml; path = Info.plist; sourceTree = "<group>"; };
		72B3ABA01A4350DE00AA0A86 /* Pitch_PerfectTests.swift */ = {isa = PBXFileReference; lastKnownFileType = sourcecode.swift; path = Pitch_PerfectTests.swift; sourceTree = "<group>"; };
		72B3ABB01A43583C00AA0A86 /* PlaySoundsViewController.swift */ = {isa = PBXFileReference; fileEncoding = 4; lastKnownFileType = sourcecode.swift; path = PlaySoundsViewController.swift; sourceTree = "<group>"; };
		72B3ABB21A43586B00AA0A86 /* RecorderAudio.swift */ = {isa = PBXFileReference; fileEncoding = 4; lastKnownFileType = sourcecode.swift; path = RecorderAudio.swift; sourceTree = "<group>"; };
/* End PBXFileReference section */

/* Begin PBXFrameworksBuildPhase section */
		72B3AB821A4350DE00AA0A86 /* Frameworks */ = {
			isa = PBXFrameworksBuildPhase;
			buildActionMask = 2147483647;
			files = (
			);
			runOnlyForDeploymentPostprocessing = 0;
		};
		72B3AB971A4350DE00AA0A86 /* Frameworks */ = {
			isa = PBXFrameworksBuildPhase;
			buildActionMask = 2147483647;
			files = (
			);
			runOnlyForDeploymentPostprocessing = 0;
		};
/* End PBXFrameworksBuildPhase section */

/* Begin PBXGroup section */
		72B3AB7C1A4350DE00AA0A86 = {
			isa = PBXGroup;
			children = (
				72B3AB871A4350DE00AA0A86 /* Pitch Perfect */,
				72B3AB9D1A4350DE00AA0A86 /* Pitch PerfectTests */,
				72B3AB861A4350DE00AA0A86 /* Products */,
			);
			sourceTree = "<group>";
		};
		72B3AB861A4350DE00AA0A86 /* Products */ = {
			isa = PBXGroup;
			children = (
				72B3AB851A4350DE00AA0A86 /* Pitch Perfect.app */,
				72B3AB9A1A4350DE00AA0A86 /* Pitch PerfectTests.xctest */,
			);
			name = Products;
			sourceTree = "<group>";
		};
		72B3AB871A4350DE00AA0A86 /* Pitch Perfect */ = {
			isa = PBXGroup;
			children = (
				72B3AB8A1A4350DE00AA0A86 /* AppDelegate.swift */,
				72B3AB8E1A4350DE00AA0A86 /* Main.storyboard */,
				72B3AB8C1A4350DE00AA0A86 /* RecordSoundsViewController.swift */,
				72B3ABB01A43583C00AA0A86 /* PlaySoundsViewController.swift */,
				72B3ABB21A43586B00AA0A86 /* RecorderAudio.swift */,
				72B3AB911A4350DE00AA0A86 /* Images.xcassets */,
				72B3AB931A4350DE00AA0A86 /* LaunchScreen.xib */,
				72B3AB881A4350DE00AA0A86 /* Supporting Files */,
			);
			path = "Pitch Perfect";
			sourceTree = "<group>";
		};
		72B3AB881A4350DE00AA0A86 /* Supporting Files */ = {
			isa = PBXGroup;
			children = (
				72B3AB891A4350DE00AA0A86 /* Info.plist */,
			);
			name = "Supporting Files";
			sourceTree = "<group>";
		};
		72B3AB9D1A4350DE00AA0A86 /* Pitch PerfectTests */ = {
			isa = PBXGroup;
			children = (
				72B3ABA01A4350DE00AA0A86 /* Pitch_PerfectTests.swift */,
				72B3AB9E1A4350DE00AA0A86 /* Supporting Files */,
			);
			path = "Pitch PerfectTests";
			sourceTree = "<group>";
		};
		72B3AB9E1A4350DE00AA0A86 /* Supporting Files */ = {
			isa = PBXGroup;
			children = (
				72B3AB9F1A4350DE00AA0A86 /* Info.plist */,
			);
			name = "Supporting Files";
			sourceTree = "<group>";
		};
/* End PBXGroup section */

/* Begin PBXNativeTarget section */
		72B3AB841A4350DE00AA0A86 /* Pitch Perfect */ = {
			isa = PBXNativeTarget;
			buildConfigurationList = 72B3ABA41A4350DE00AA0A86 /* Build configuration list for PBXNativeTarget "Pitch Perfect" */;
			buildPhases = (
				72B3AB811A4350DE00AA0A86 /* Sources */,
				72B3AB821A4350DE00AA0A86 /* Frameworks */,
				72B3AB831A4350DE00AA0A86 /* Resources */,
			);
			buildRules = (
			);
			dependencies = (
			);
			name = "Pitch Perfect";
			productName = "Pitch Perfect";
			productReference = 72B3AB851A4350DE00AA0A86 /* Pitch Perfect.app */;
			productType = "com.apple.product-type.application";
		};
		72B3AB991A4350DE00AA0A86 /* Pitch PerfectTests */ = {
			isa = PBXNativeTarget;
			buildConfigurationList = 72B3ABA71A4350DE00AA0A86 /* Build configuration list for PBXNativeTarget "Pitch PerfectTests" */;
			buildPhases = (
				72B3AB961A4350DE00AA0A86 /* Sources */,
				72B3AB971A4350DE00AA0A86 /* Frameworks */,
				72B3AB981A4350DE00AA0A86 /* Resources */,
			);
			buildRules = (
			);
			dependencies = (
				72B3AB9C1A4350DE00AA0A86 /* PBXTargetDependency */,
			);
			name = "Pitch PerfectTests";
			productName = "Pitch PerfectTests";
			productReference = 72B3AB9A1A4350DE00AA0A86 /* Pitch PerfectTests.xctest */;
			productType = "com.apple.product-type.bundle.unit-test";
		};
/* End PBXNativeTarget section */

/* Begin PBXProject section */
		72B3AB7D1A4350DE00AA0A86 /* Project object */ = {
			isa = PBXProject;
			attributes = {
				LastSwiftMigration = 0710;
				LastSwiftUpdateCheck = 0710;
				LastUpgradeCheck = 0710;
				ORGANIZATIONNAME = "Ioannis Tornazakis";
				TargetAttributes = {
					72B3AB841A4350DE00AA0A86 = {
						CreatedOnToolsVersion = 6.1.1;
					};
					72B3AB991A4350DE00AA0A86 = {
						CreatedOnToolsVersion = 6.1.1;
						TestTargetID = 72B3AB841A4350DE00AA0A86;
					};
				};
			};
			buildConfigurationList = 72B3AB801A4350DE00AA0A86 /* Build configuration list for PBXProject "Pitch Perfect" */;
			compatibilityVersion = "Xcode 3.2";
			developmentRegion = English;
			hasScannedForEncodings = 0;
			knownRegions = (
				en,
				Base,
			);
			mainGroup = 72B3AB7C1A4350DE00AA0A86;
			productRefGroup = 72B3AB861A4350DE00AA0A86 /* Products */;
			projectDirPath = "";
			projectRoot = "";
			targets = (
				72B3AB841A4350DE00AA0A86 /* Pitch Perfect */,
				72B3AB991A4350DE00AA0A86 /* Pitch PerfectTests */,
			);
		};
/* End PBXProject section */

/* Begin PBXResourcesBuildPhase section */
		72B3AB831A4350DE00AA0A86 /* Resources */ = {
			isa = PBXResourcesBuildPhase;
			buildActionMask = 2147483647;
			files = (
				72B3AB901A4350DE00AA0A86 /* Main.storyboard in Resources */,
				72B3AB951A4350DE00AA0A86 /* LaunchScreen.xib in Resources */,
				72B3AB921A4350DE00AA0A86 /* Images.xcassets in Resources */,
			);
			runOnlyForDeploymentPostprocessing = 0;
		};
		72B3AB981A4350DE00AA0A86 /* Resources */ = {
			isa = PBXResourcesBuildPhase;
			buildActionMask = 2147483647;
			files = (
			);
			runOnlyForDeploymentPostprocessing = 0;
		};
/* End PBXResourcesBuildPhase section */

/* Begin PBXSourcesBuildPhase section */
		72B3AB811A4350DE00AA0A86 /* Sources */ = {
			isa = PBXSourcesBuildPhase;
			buildActionMask = 2147483647;
			files = (
				72B3AB8D1A4350DE00AA0A86 /* RecordSoundsViewController.swift in Sources */,
				72B3ABB11A43583C00AA0A86 /* PlaySoundsViewController.swift in Sources */,
				72B3ABB31A43586B00AA0A86 /* RecorderAudio.swift in Sources */,
				72B3AB8B1A4350DE00AA0A86 /* AppDelegate.swift in Sources */,
			);
			runOnlyForDeploymentPostprocessing = 0;
		};
		72B3AB961A4350DE00AA0A86 /* Sources */ = {
			isa = PBXSourcesBuildPhase;
			buildActionMask = 2147483647;
			files = (
				72B3ABA11A4350DE00AA0A86 /* Pitch_PerfectTests.swift in Sources */,
			);
			runOnlyForDeploymentPostprocessing = 0;
		};
/* End PBXSourcesBuildPhase section */

/* Begin PBXTargetDependency section */
		72B3AB9C1A4350DE00AA0A86 /* PBXTargetDependency */ = {
			isa = PBXTargetDependency;
			target = 72B3AB841A4350DE00AA0A86 /* Pitch Perfect */;
			targetProxy = 72B3AB9B1A4350DE00AA0A86 /* PBXContainerItemProxy */;
		};
/* End PBXTargetDependency section */

/* Begin PBXVariantGroup section */
		72B3AB8E1A4350DE00AA0A86 /* Main.storyboard */ = {
			isa = PBXVariantGroup;
			children = (
				72B3AB8F1A4350DE00AA0A86 /* Base */,
			);
			name = Main.storyboard;
			sourceTree = "<group>";
		};
		72B3AB931A4350DE00AA0A86 /* LaunchScreen.xib */ = {
			isa = PBXVariantGroup;
			children = (
				72B3AB941A4350DE00AA0A86 /* Base */,
			);
			name = LaunchScreen.xib;
			sourceTree = "<group>";
		};
/* End PBXVariantGroup section */

/* Begin XCBuildConfiguration section */
		72B3ABA21A4350DE00AA0A86 /* Debug */ = {
			isa = XCBuildConfiguration;
			buildSettings = {
				ALWAYS_SEARCH_USER_PATHS = NO;
				CLANG_CXX_LANGUAGE_STANDARD = "gnu++0x";
				CLANG_CXX_LIBRARY = "libc++";
				CLANG_ENABLE_MODULES = YES;
				CLANG_ENABLE_OBJC_ARC = YES;
				CLANG_WARN_BOOL_CONVERSION = YES;
				CLANG_WARN_CONSTANT_CONVERSION = YES;
				CLANG_WARN_DIRECT_OBJC_ISA_USAGE = YES_ERROR;
				CLANG_WARN_EMPTY_BODY = YES;
				CLANG_WARN_ENUM_CONVERSION = YES;
				CLANG_WARN_INT_CONVERSION = YES;
				CLANG_WARN_OBJC_ROOT_CLASS = YES_ERROR;
				CLANG_WARN_UNREACHABLE_CODE = YES;
				CLANG_WARN__DUPLICATE_METHOD_MATCH = YES;
				"CODE_SIGN_IDENTITY[sdk=iphoneos*]" = "iPhone Developer";
				COPY_PHASE_STRIP = NO;
				ENABLE_STRICT_OBJC_MSGSEND = YES;
				ENABLE_TESTABILITY = YES;
				GCC_C_LANGUAGE_STANDARD = gnu99;
				GCC_DYNAMIC_NO_PIC = NO;
				GCC_OPTIMIZATION_LEVEL = 0;
				GCC_PREPROCESSOR_DEFINITIONS = (
					"DEBUG=1",
					"$(inherited)",
				);
				GCC_SYMBOLS_PRIVATE_EXTERN = NO;
				GCC_WARN_64_TO_32_BIT_CONVERSION = YES;
				GCC_WARN_ABOUT_RETURN_TYPE = YES_ERROR;
				GCC_WARN_UNDECLARED_SELECTOR = YES;
				GCC_WARN_UNINITIALIZED_AUTOS = YES_AGGRESSIVE;
				GCC_WARN_UNUSED_FUNCTION = YES;
				GCC_WARN_UNUSED_VARIABLE = YES;
				IPHONEOS_DEPLOYMENT_TARGET = 8.1;
				MTL_ENABLE_DEBUG_INFO = YES;
				ONLY_ACTIVE_ARCH = YES;
				SDKROOT = iphoneos;
				SWIFT_OPTIMIZATION_LEVEL = "-Onone";
			};
			name = Debug;
		};
		72B3ABA31A4350DE00AA0A86 /* Release */ = {
			isa = XCBuildConfiguration;
			buildSettings = {
				ALWAYS_SEARCH_USER_PATHS = NO;
				CLANG_CXX_LANGUAGE_STANDARD = "gnu++0x";
				CLANG_CXX_LIBRARY = "libc++";
				CLANG_ENABLE_MODULES = YES;
				CLANG_ENABLE_OBJC_ARC = YES;
				CLANG_WARN_BOOL_CONVERSION = YES;
				CLANG_WARN_CONSTANT_CONVERSION = YES;
				CLANG_WARN_DIRECT_OBJC_ISA_USAGE = YES_ERROR;
				CLANG_WARN_EMPTY_BODY = YES;
				CLANG_WARN_ENUM_CONVERSION = YES;
				CLANG_WARN_INT_CONVERSION = YES;
				CLANG_WARN_OBJC_ROOT_CLASS = YES_ERROR;
				CLANG_WARN_UNREACHABLE_CODE = YES;
				CLANG_WARN__DUPLICATE_METHOD_MATCH = YES;
				"CODE_SIGN_IDENTITY[sdk=iphoneos*]" = "iPhone Developer";
				COPY_PHASE_STRIP = YES;
				ENABLE_NS_ASSERTIONS = NO;
				ENABLE_STRICT_OBJC_MSGSEND = YES;
				GCC_C_LANGUAGE_STANDARD = gnu99;
				GCC_WARN_64_TO_32_BIT_CONVERSION = YES;
				GCC_WARN_ABOUT_RETURN_TYPE = YES_ERROR;
				GCC_WARN_UNDECLARED_SELECTOR = YES;
				GCC_WARN_UNINITIALIZED_AUTOS = YES_AGGRESSIVE;
				GCC_WARN_UNUSED_FUNCTION = YES;
				GCC_WARN_UNUSED_VARIABLE = YES;
				IPHONEOS_DEPLOYMENT_TARGET = 8.1;
				MTL_ENABLE_DEBUG_INFO = NO;
				SDKROOT = iphoneos;
				SWIFT_OPTIMIZATION_LEVEL = "-Onone";
				VALIDATE_PRODUCT = YES;
			};
			name = Release;
		};
		72B3ABA51A4350DE00AA0A86 /* Debug */ = {
			isa = XCBuildConfiguration;
			buildSettings = {
				ASSETCATALOG_COMPILER_APPICON_NAME = AppIcon;
				INFOPLIST_FILE = "Pitch Perfect/Info.plist";
				LD_RUNPATH_SEARCH_PATHS = "$(inherited) @executable_path/Frameworks";
				PRODUCT_BUNDLE_IDENTIFIER = "gr.polarbear.$(PRODUCT_NAME:rfc1034identifier)";
				PRODUCT_NAME = "$(TARGET_NAME)";
			};
			name = Debug;
		};
		72B3ABA61A4350DE00AA0A86 /* Release */ = {
			isa = XCBuildConfiguration;
			buildSettings = {
				ASSETCATALOG_COMPILER_APPICON_NAME = AppIcon;
				INFOPLIST_FILE = "Pitch Perfect/Info.plist";
				LD_RUNPATH_SEARCH_PATHS = "$(inherited) @executable_path/Frameworks";
				PRODUCT_BUNDLE_IDENTIFIER = "gr.polarbear.$(PRODUCT_NAME:rfc1034identifier)";
				PRODUCT_NAME = "$(TARGET_NAME)";
			};
			name = Release;
		};
		72B3ABA81A4350DE00AA0A86 /* Debug */ = {
			isa = XCBuildConfiguration;
			buildSettings = {
				BUNDLE_LOADER = "$(TEST_HOST)";
				GCC_PREPROCESSOR_DEFINITIONS = (
					"DEBUG=1",
					"$(inherited)",
				);
				INFOPLIST_FILE = "Pitch PerfectTests/Info.plist";
				LD_RUNPATH_SEARCH_PATHS = "$(inherited) @executable_path/Frameworks @loader_path/Frameworks";
				PRODUCT_BUNDLE_IDENTIFIER = "gr.polarbear.$(PRODUCT_NAME:rfc1034identifier)";
				PRODUCT_NAME = "$(TARGET_NAME)";
				TEST_HOST = "$(BUILT_PRODUCTS_DIR)/Pitch Perfect.app/Pitch Perfect";
			};
			name = Debug;
		};
		72B3ABA91A4350DE00AA0A86 /* Release */ = {
			isa = XCBuildConfiguration;
			buildSettings = {
				BUNDLE_LOADER = "$(TEST_HOST)";
				INFOPLIST_FILE = "Pitch PerfectTests/Info.plist";
				LD_RUNPATH_SEARCH_PATHS = "$(inherited) @executable_path/Frameworks @loader_path/Frameworks";
				PRODUCT_BUNDLE_IDENTIFIER = "gr.polarbear.$(PRODUCT_NAME:rfc1034identifier)";
				PRODUCT_NAME = "$(TARGET_NAME)";
				TEST_HOST = "$(BUILT_PRODUCTS_DIR)/Pitch Perfect.app/Pitch Perfect";
			};
			name = Release;
		};
/* End XCBuildConfiguration section */

/* Begin XCConfigurationList section */
		72B3AB801A4350DE00AA0A86 /* Build configuration list for PBXProject "Pitch Perfect" */ = {
			isa = XCConfigurationList;
			buildConfigurations = (
				72B3ABA21A4350DE00AA0A86 /* Debug */,
				72B3ABA31A4350DE00AA0A86 /* Release */,
			);
			defaultConfigurationIsVisible = 0;
			defaultConfigurationName = Release;
		};
		72B3ABA41A4350DE00AA0A86 /* Build configuration list for PBXNativeTarget "Pitch Perfect" */ = {
			isa = XCConfigurationList;
			buildConfigurations = (
				72B3ABA51A4350DE00AA0A86 /* Debug */,
				72B3ABA61A4350DE00AA0A86 /* Release */,
			);
			defaultConfigurationIsVisible = 0;
			defaultConfigurationName = Release;
		};
		72B3ABA71A4350DE00AA0A86 /* Build configuration list for PBXNativeTarget "Pitch PerfectTests" */ = {
			isa = XCConfigurationList;
			buildConfigurations = (
				72B3ABA81A4350DE00AA0A86 /* Debug */,
				72B3ABA91A4350DE00AA0A86 /* Release */,
			);
			defaultConfigurationIsVisible = 0;
			defaultConfigurationName = Release;
		};
/* End XCConfigurationList section */
	};
	rootObject = 72B3AB7D1A4350DE00AA0A86 /* Project object */;
}
